
Microsoft Visual Studio Solution File, Format Version 12.00
# Visual Studio Version 16
VisualStudioVersion = 16.0.30523.141
MinimumVisualStudioVersion = 10.0.40219.1
Project("{FAE04EC0-301F-11D3-BF4B-00C04F79EFBC}") = "ByteBank", "ByteBank\ByteBank.csproj", "{97EC2B04-872B-4A7D-9B44-49C943BE425F}"
EndProject
Project("{FAE04EC0-301F-11D3-BF4B-00C04F79EFBC}") = "02-ByteBank", "02-ByteBank\02-ByteBank.csproj", "{1CBF9998-C24F-418B-9F1B-436AF335CF2E}"
EndProject
Project("{FAE04EC0-301F-11D3-BF4B-00C04F79EFBC}") = "03-ByteBank", "03 - ByteBank\03-ByteBank.csproj", "{425A52A9-CB3C-4C27-AB63-6ED2AF2053F5}"
EndProject
Project("{FAE04EC0-301F-11D3-BF4B-00C04F79EFBC}") = "04-ByteBank", "04-ByteBank\04-ByteBank.csproj", "{8F92E8F6-0E61-4526-8054-FBF55230EAF5}"
EndProject
Project("{FAE04EC0-301F-11D3-BF4B-00C04F79EFBC}") = "05-ByteBank", "05-ByteBank\05-ByteBank.csproj", "{8DCE98E8-72E9-45C0-8B92-36A584DCC116}"
EndProject
Global
	GlobalSection(SolutionConfigurationPlatforms) = preSolution
		Debug|Any CPU = Debug|Any CPU
		Release|Any CPU = Release|Any CPU
	EndGlobalSection
	GlobalSection(ProjectConfigurationPlatforms) = postSolution
		{97EC2B04-872B-4A7D-9B44-49C943BE425F}.Debug|Any CPU.ActiveCfg = Debug|Any CPU
		{97EC2B04-872B-4A7D-9B44-49C943BE425F}.Debug|Any CPU.Build.0 = Debug|Any CPU
		{97EC2B04-872B-4A7D-9B44-49C943BE425F}.Release|Any CPU.ActiveCfg = Release|Any CPU
		{97EC2B04-872B-4A7D-9B44-49C943BE425F}.Release|Any CPU.Build.0 = Release|Any CPU
		{1CBF9998-C24F-418B-9F1B-436AF335CF2E}.Debug|Any CPU.ActiveCfg = Debug|Any CPU
		{1CBF9998-C24F-418B-9F1B-436AF335CF2E}.Debug|Any CPU.Build.0 = Debug|Any CPU
		{1CBF9998-C24F-418B-9F1B-436AF335CF2E}.Release|Any CPU.ActiveCfg = Release|Any CPU
		{1CBF9998-C24F-418B-9F1B-436AF335CF2E}.Release|Any CPU.Build.0 = Release|Any CPU
		{425A52A9-CB3C-4C27-AB63-6ED2AF2053F5}.Debug|Any CPU.ActiveCfg = Debug|Any CPU
		{425A52A9-CB3C-4C27-AB63-6ED2AF2053F5}.Debug|Any CPU.Build.0 = Debug|Any CPU
		{425A52A9-CB3C-4C27-AB63-6ED2AF2053F5}.Release|Any CPU.ActiveCfg = Release|Any CPU
		{425A52A9-CB3C-4C27-AB63-6ED2AF2053F5}.Release|Any CPU.Build.0 = Release|Any CPU
		{8F92E8F6-0E61-4526-8054-FBF55230EAF5}.Debug|Any CPU.ActiveCfg = Debug|Any CPU
		{8F92E8F6-0E61-4526-8054-FBF55230EAF5}.Debug|Any CPU.Build.0 = Debug|Any CPU
		{8F92E8F6-0E61-4526-8054-FBF55230EAF5}.Release|Any CPU.ActiveCfg = Release|Any CPU
		{8F92E8F6-0E61-4526-8054-FBF55230EAF5}.Release|Any CPU.Build.0 = Release|Any CPU
		{8DCE98E8-72E9-45C0-8B92-36A584DCC116}.Debug|Any CPU.ActiveCfg = Debug|Any CPU
		{8DCE98E8-72E9-45C0-8B92-36A584DCC116}.Debug|Any CPU.Build.0 = Debug|Any CPU
		{8DCE98E8-72E9-45C0-8B92-36A584DCC116}.Release|Any CPU.ActiveCfg = Release|Any CPU
		{8DCE98E8-72E9-45C0-8B92-36A584DCC116}.Release|Any CPU.Build.0 = Release|Any CPU
	EndGlobalSection
	GlobalSection(SolutionProperties) = preSolution
		HideSolutionNode = FALSE
	EndGlobalSection
	GlobalSection(ExtensibilityGlobals) = postSolution
		SolutionGuid = {00046413-9CF9-477F-A2D5-96EFE3235E25}
	EndGlobalSection
EndGlobal
